schema = "reprobuild.solved-graph-lock.v2"

[lock]
platform = "amd64-linux"
optimal = false
inputs_digest = "fnv1a64:0982b27eb7d4df28"
variants = []
packages = [{ name = "capnp", version = "1.0.0", source = "capnp" }, { name = "cargo", version = "1.85.0", source = "cargo" }, { name = "codetracer_beam_recorder", version = "0.1.0", source = "codetracer_beam_recorder" }, { name = "nim", version = "2.2.0", source = "nim" }, { name = "nimble", version = "1.0.0", source = "nimble" }, { name = "pkg-config", version = "1.0.0", source = "pkg-config" }, { name = "rustc", version = "1.85.0", source = "rustc" }, { name = "sh", version = "1.0.0", source = "sh" }, { name = "zstd", version = "1.0.0", source = "zstd" }]
deps = [{ name = "codetracer-beam-recorder", path = ".", coord_kind = "vcs", url = "https://github.com/metacraft-labs/codetracer-beam-recorder", ref = "mcr-stege0-and-fixes", revision = "041d10775f923e6549e2f38bba98ee3ad5d16c63", integrity = "git-sha1:041d10775f923e6549e2f38bba98ee3ad5d16c63", version = "", visibility = "public", participation = "", depends = "", groups = "" }]
